// !$*UTF8*$!
{
	archiveVersion = 1;
	classes = {
	};
	objectVersion = 46;
	objects = {

/* Begin PBXBuildFile section */
		D2698FD81A2B988900FD8E5D /* AppDelegate.swift in Sources */ = {isa = PBXBuildFile; fileRef = D2698FD71A2B988900FD8E5D /* AppDelegate.swift */; };
		D2698FDA1A2B988900FD8E5D /* ViewController.swift in Sources */ = {isa = PBXBuildFile; fileRef = D2698FD91A2B988900FD8E5D /* ViewController.swift */; };
		D2698FDD1A2B988900FD8E5D /* Main.storyboard in Resources */ = {isa = PBXBuildFile; fileRef = D2698FDB1A2B988900FD8E5D /* Main.storyboard */; };
		D2698FDF1A2B988900FD8E5D /* Images.xcassets in Resources */ = {isa = PBXBuildFile; fileRef = D2698FDE1A2B988900FD8E5D /* Images.xcassets */; };
		D2698FE21A2B988900FD8E5D /* LaunchScreen.xib in Resources */ = {isa = PBXBuildFile; fileRef = D2698FE01A2B988900FD8E5D /* LaunchScreen.xib */; };
		D2698FEE1A2B988900FD8E5D /* SOXShapedTapViewTests.swift in Sources */ = {isa = PBXBuildFile; fileRef = D2698FED1A2B988900FD8E5D /* SOXShapedTapViewTests.swift */; };
		D2698FF81A2B998C00FD8E5D /* SOXShapedTapView.swift in Sources */ = {isa = PBXBuildFile; fileRef = D2698FF71A2B998C00FD8E5D /* SOXShapedTapView.swift */; };
/* End PBXBuildFile section */

/* Begin PBXContainerItemProxy section */
		D2698FE81A2B988900FD8E5D /* PBXContainerItemProxy */ = {
			isa = PBXContainerItemProxy;
			containerPortal = D2698FCA1A2B988900FD8E5D /* Project object */;
			proxyType = 1;
			remoteGlobalIDString = D2698FD11A2B988900FD8E5D;
			remoteInfo = SOXShapedTapView;
		};
/* End PBXContainerItemProxy section */

/* Begin PBXFileReference section */
		D2698FD21A2B988900FD8E5D /* SOXShapedTapView.app */ = {isa = PBXFileReference; explicitFileType = wrapper.application; includeInIndex = 0; path = SOXShapedTapView.app; sourceTree = BUILT_PRODUCTS_DIR; };
		D2698FD61A2B988900FD8E5D /* Info.plist */ = {isa = PBXFileReference; lastKnownFileType = text.plist.xml; path = Info.plist; sourceTree = "<group>"; };
		D2698FD71A2B988900FD8E5D /* AppDelegate.swift */ = {isa = PBXFileReference; lastKnownFileType = sourcecode.swift; path = AppDelegate.swift; sourceTree = "<group>"; };
		D2698FD91A2B988900FD8E5D /* ViewController.swift */ = {isa = PBXFileReference; lastKnownFileType = sourcecode.swift; path = ViewController.swift; sourceTree = "<group>"; };
		D2698FDC1A2B988900FD8E5D /* Base */ = {isa = PBXFileReference; lastKnownFileType = file.storyboard; name = Base; path = Base.lproj/Main.storyboard; sourceTree = "<group>"; };
		D2698FDE1A2B988900FD8E5D /* Images.xcassets */ = {isa = PBXFileReference; lastKnownFileType = folder.assetcatalog; path = Images.xcassets; sourceTree = "<group>"; };
		D2698FE11A2B988900FD8E5D /* Base */ = {isa = PBXFileReference; lastKnownFileType = file.xib; name = Base; path = Base.lproj/LaunchScreen.xib; sourceTree = "<group>"; };
		D2698FE71A2B988900FD8E5D /* SOXShapedTapViewTests.xctest */ = {isa = PBXFileReference; explicitFileType = wrapper.cfbundle; includeInIndex = 0; path = SOXShapedTapViewTests.xctest; sourceTree = BUILT_PRODUCTS_DIR; };
		D2698FEC1A2B988900FD8E5D /* Info.plist */ = {isa = PBXFileReference; lastKnownFileType = text.plist.xml; path = Info.plist; sourceTree = "<group>"; };
		D2698FED1A2B988900FD8E5D /* SOXShapedTapViewTests.swift */ = {isa = PBXFileReference; lastKnownFileType = sourcecode.swift; path = SOXShapedTapViewTests.swift; sourceTree = "<group>"; };
		D2698FF71A2B998C00FD8E5D /* SOXShapedTapView.swift */ = {isa = PBXFileReference; fileEncoding = 4; lastKnownFileType = sourcecode.swift; path = SOXShapedTapView.swift; sourceTree = "<group>"; };
/* End PBXFileReference section */

/* Begin PBXFrameworksBuildPhase section */
		D2698FCF1A2B988900FD8E5D /* Frameworks */ = {
			isa = PBXFrameworksBuildPhase;
			buildActionMask = 2147483647;
			files = (
			);
			runOnlyForDeploymentPostprocessing = 0;
		};
		D2698FE41A2B988900FD8E5D /* Frameworks */ = {
			isa = PBXFrameworksBuildPhase;
			buildActionMask = 2147483647;
			files = (
			);
			runOnlyForDeploymentPostprocessing = 0;
		};
/* End PBXFrameworksBuildPhase section */

/* Begin PBXGroup section */
		D2698FC91A2B988900FD8E5D = {
			isa = PBXGroup;
			children = (
				D2698FD41A2B988900FD8E5D /* SOXShapedTapView */,
				D2698FEA1A2B988900FD8E5D /* SOXShapedTapViewTests */,
				D2698FD31A2B988900FD8E5D /* Products */,
			);
			sourceTree = "<group>";
		};
		D2698FD31A2B988900FD8E5D /* Products */ = {
			isa = PBXGroup;
			children = (
				D2698FD21A2B988900FD8E5D /* SOXShapedTapView.app */,
				D2698FE71A2B988900FD8E5D /* SOXShapedTapViewTests.xctest */,
			);
			name = Products;
			sourceTree = "<group>";
		};
		D2698FD41A2B988900FD8E5D /* SOXShapedTapView */ = {
			isa = PBXGroup;
			children = (
				D2698FD71A2B988900FD8E5D /* AppDelegate.swift */,
				D2698FD91A2B988900FD8E5D /* ViewController.swift */,
				D2698FF71A2B998C00FD8E5D /* SOXShapedTapView.swift */,
				D2698FDB1A2B988900FD8E5D /* Main.storyboard */,
				D2698FDE1A2B988900FD8E5D /* Images.xcassets */,
				D2698FE01A2B988900FD8E5D /* LaunchScreen.xib */,
				D2698FD51A2B988900FD8E5D /* Supporting Files */,
			);
			path = SOXShapedTapView;
			sourceTree = "<group>";
		};
		D2698FD51A2B988900FD8E5D /* Supporting Files */ = {
			isa = PBXGroup;
			children = (
				D2698FD61A2B988900FD8E5D /* Info.plist */,
			);
			name = "Supporting Files";
			sourceTree = "<group>";
		};
		D2698FEA1A2B988900FD8E5D /* SOXShapedTapViewTests */ = {
			isa = PBXGroup;
			children = (
				D2698FED1A2B988900FD8E5D /* SOXShapedTapViewTests.swift */,
				D2698FEB1A2B988900FD8E5D /* Supporting Files */,
			);
			path = SOXShapedTapViewTests;
			sourceTree = "<group>";
		};
		D2698FEB1A2B988900FD8E5D /* Supporting Files */ = {
			isa = PBXGroup;
			children = (
				D2698FEC1A2B988900FD8E5D /* Info.plist */,
			);
			name = "Supporting Files";
			sourceTree = "<group>";
		};
/* End PBXGroup section */

/* Begin PBXNativeTarget section */
		D2698FD11A2B988900FD8E5D /* SOXShapedTapView */ = {
			isa = PBXNativeTarget;
			buildConfigurationList = D2698FF11A2B988900FD8E5D /* Build configuration list for PBXNativeTarget "SOXShapedTapView" */;
			buildPhases = (
				D2698FCE1A2B988900FD8E5D /* Sources */,
				D2698FCF1A2B988900FD8E5D /* Frameworks */,
				D2698FD01A2B988900FD8E5D /* Resources */,
			);
			buildRules = (
			);
			dependencies = (
			);
			name = SOXShapedTapView;
			productName = SOXShapedTapView;
			productReference = D2698FD21A2B988900FD8E5D /* SOXShapedTapView.app */;
			productType = "com.apple.product-type.application";
		};
		D2698FE61A2B988900FD8E5D /* SOXShapedTapViewTests */ = {
			isa = PBXNativeTarget;
			buildConfigurationList = D2698FF41A2B988900FD8E5D /* Build configuration list for PBXNativeTarget "SOXShapedTapViewTests" */;
			buildPhases = (
				D2698FE31A2B988900FD8E5D /* Sources */,
				D2698FE41A2B988900FD8E5D /* Frameworks */,
				D2698FE51A2B988900FD8E5D /* Resources */,
			);
			buildRules = (
			);
			dependencies = (
				D2698FE91A2B988900FD8E5D /* PBXTargetDependency */,
			);
			name = SOXShapedTapViewTests;
			productName = SOXShapedTapViewTests;
			productReference = D2698FE71A2B988900FD8E5D /* SOXShapedTapViewTests.xctest */;
			productType = "com.apple.product-type.bundle.unit-test";
		};
/* End PBXNativeTarget section */

/* Begin PBXProject section */
		D2698FCA1A2B988900FD8E5D /* Project object */ = {
			isa = PBXProject;
			attributes = {
				LastUpgradeCheck = 0610;
				ORGANIZATIONNAME = spagosx;
				TargetAttributes = {
					D2698FD11A2B988900FD8E5D = {
						CreatedOnToolsVersion = 6.1;
					};
					D2698FE61A2B988900FD8E5D = {
						CreatedOnToolsVersion = 6.1;
						TestTargetID = D2698FD11A2B988900FD8E5D;
					};
				};
			};
			buildConfigurationList = D2698FCD1A2B988900FD8E5D /* Build configuration list for PBXProject "SOXShapedTapView" */;
			compatibilityVersion = "Xcode 3.2";
			developmentRegion = English;
			hasScannedForEncodings = 0;
			knownRegions = (
				en,
				Base,
			);
			mainGroup = D2698FC91A2B988900FD8E5D;
			productRefGroup = D2698FD31A2B988900FD8E5D /* Products */;
			projectDirPath = "";
			projectRoot = "";
			targets = (
				D2698FD11A2B988900FD8E5D /* SOXShapedTapView */,
				D2698FE61A2B988900FD8E5D /* SOXShapedTapViewTests */,
			);
		};
/* End PBXProject section */

/* Begin PBXResourcesBuildPhase section */
		D2698FD01A2B988900FD8E5D /* Resources */ = {
			isa = PBXResourcesBuildPhase;
			buildActionMask = 2147483647;
			files = (
				D2698FDD1A2B988900FD8E5D /* Main.storyboard in Resources */,
				D2698FE21A2B988900FD8E5D /* LaunchScreen.xib in Resources */,
				D2698FDF1A2B988900FD8E5D /* Images.xcassets in Resources */,
			);
			runOnlyForDeploymentPostprocessing = 0;
		};
		D2698FE51A2B988900FD8E5D /* Resources */ = {
			isa = PBXResourcesBuildPhase;
			buildActionMask = 2147483647;
			files = (
			);
			runOnlyForDeploymentPostprocessing = 0;
		};
/* End PBXResourcesBuildPhase section */

/* Begin PBXSourcesBuildPhase section */
		D2698FCE1A2B988900FD8E5D /* Sources */ = {
			isa = PBXSourcesBuildPhase;
			buildActionMask = 2147483647;
			files = (
				D2698FF81A2B998C00FD8E5D /* SOXShapedTapView.swift in Sources */,
				D2698FDA1A2B988900FD8E5D /* ViewController.swift in Sources */,
				D2698FD81A2B988900FD8E5D /* AppDelegate.swift in Sources */,
			);
			runOnlyForDeploymentPostprocessing = 0;
		};
		D2698FE31A2B988900FD8E5D /* Sources */ = {
			isa = PBXSourcesBuildPhase;
			buildActionMask = 2147483647;
			files = (
				D2698FEE1A2B988900FD8E5D /* SOXShapedTapViewTests.swift in Sources */,
			);
			runOnlyForDeploymentPostprocessing = 0;
		};
/* End PBXSourcesBuildPhase section */

/* Begin PBXTargetDependency section */
		D2698FE91A2B988900FD8E5D /* PBXTargetDependency */ = {
			isa = PBXTargetDependency;
			target = D2698FD11A2B988900FD8E5D /* SOXShapedTapView */;
			targetProxy = D2698FE81A2B988900FD8E5D /* PBXContainerItemProxy */;
		};
/* End PBXTargetDependency section */

/* Begin PBXVariantGroup section */
		D2698FDB1A2B988900FD8E5D /* Main.storyboard */ = {
			isa = PBXVariantGroup;
			children = (
				D2698FDC1A2B988900FD8E5D /* Base */,
			);
			name = Main.storyboard;
			sourceTree = "<group>";
		};
		D2698FE01A2B988900FD8E5D /* LaunchScreen.xib */ = {
			isa = PBXVariantGroup;
			children = (
				D2698FE11A2B988900FD8E5D /* Base */,
			);
			name = LaunchScreen.xib;
			sourceTree = "<group>";
		};
/* End PBXVariantGroup section */

/* Begin XCBuildConfiguration section */
		D2698FEF1A2B988900FD8E5D /* Debug */ = {
			isa = XCBuildConfiguration;
			buildSettings = {
				ALWAYS_SEARCH_USER_PATHS = NO;
				CLANG_CXX_LANGUAGE_STANDARD = "gnu++0x";
				CLANG_CXX_LIBRARY = "libc++";
				CLANG_ENABLE_MODULES = YES;
				CLANG_ENABLE_OBJC_ARC = YES;
				CLANG_WARN_BOOL_CONVERSION = YES;
				CLANG_WARN_CONSTANT_CONVERSION = YES;
				CLANG_WARN_DIRECT_OBJC_ISA_USAGE = YES_ERROR;
				CLANG_WARN_EMPTY_BODY = YES;
				CLANG_WARN_ENUM_CONVERSION = YES;
				CLANG_WARN_INT_CONVERSION = YES;
				CLANG_WARN_OBJC_ROOT_CLASS = YES_ERROR;
				CLANG_WARN_UNREACHABLE_CODE = YES;
				CLANG_WARN__DUPLICATE_METHOD_MATCH = YES;
				"CODE_SIGN_IDENTITY[sdk=iphoneos*]" = "iPhone Developer";
				COPY_PHASE_STRIP = NO;
				ENABLE_STRICT_OBJC_MSGSEND = YES;
				GCC_C_LANGUAGE_STANDARD = gnu99;
				GCC_DYNAMIC_NO_PIC = NO;
				GCC_OPTIMIZATION_LEVEL = 0;
				GCC_PREPROCESSOR_DEFINITIONS = (
					"DEBUG=1",
					"$(inherited)",
				);
				GCC_SYMBOLS_PRIVATE_EXTERN = NO;
				GCC_WARN_64_TO_32_BIT_CONVERSION = YES;
				GCC_WARN_ABOUT_RETURN_TYPE = YES_ERROR;
				GCC_WARN_UNDECLARED_SELECTOR = YES;
				GCC_WARN_UNINITIALIZED_AUTOS = YES_AGGRESSIVE;
				GCC_WARN_UNUSED_FUNCTION = YES;
				GCC_WARN_UNUSED_VARIABLE = YES;
				IPHONEOS_DEPLOYMENT_TARGET = 8.1;
				MTL_ENABLE_DEBUG_INFO = YES;
				ONLY_ACTIVE_ARCH = YES;
				SDKROOT = iphoneos;
				SWIFT_OPTIMIZATION_LEVEL = "-Onone";
				TARGETED_DEVICE_FAMILY = "1,2";
			};
			name = Debug;
		};
		D2698FF01A2B988900FD8E5D /* Release */ = {
			isa = XCBuildConfiguration;
			buildSettings = {
				ALWAYS_SEARCH_USER_PATHS = NO;
				CLANG_CXX_LANGUAGE_STANDARD = "gnu++0x";
				CLANG_CXX_LIBRARY = "libc++";
				CLANG_ENABLE_MODULES = YES;
				CLANG_ENABLE_OBJC_ARC = YES;
				CLANG_WARN_BOOL_CONVERSION = YES;
				CLANG_WARN_CONSTANT_CONVERSION = YES;
				CLANG_WARN_DIRECT_OBJC_ISA_USAGE = YES_ERROR;
				CLANG_WARN_EMPTY_BODY = YES;
				CLANG_WARN_ENUM_CONVERSION = YES;
				CLANG_WARN_INT_CONVERSION = YES;
				CLANG_WARN_OBJC_ROOT_CLASS = YES_ERROR;
				CLANG_WARN_UNREACHABLE_CODE = YES;
				CLANG_WARN__DUPLICATE_METHOD_MATCH = YES;
				"CODE_SIGN_IDENTITY[sdk=iphoneos*]" = "iPhone Developer";
				COPY_PHASE_STRIP = YES;
				ENABLE_NS_ASSERTIONS = NO;
				ENABLE_STRICT_OBJC_MSGSEND = YES;
				GCC_C_LANGUAGE_STANDARD = gnu99;
				GCC_WARN_64_TO_32_BIT_CONVERSION = YES;
				GCC_WARN_ABOUT_RETURN_TYPE = YES_ERROR;
				GCC_WARN_UNDECLARED_SELECTOR = YES;
				GCC_WARN_UNINITIALIZED_AUTOS = YES_AGGRESSIVE;
				GCC_WARN_UNUSED_FUNCTION = YES;
				GCC_WARN_UNUSED_VARIABLE = YES;
				IPHONEOS_DEPLOYMENT_TARGET = 8.1;
				MTL_ENABLE_DEBUG_INFO = NO;
				SDKROOT = iphoneos;
				TARGETED_DEVICE_FAMILY = "1,2";
				VALIDATE_PRODUCT = YES;
			};
			name = Release;
		};
		D2698FF21A2B988900FD8E5D /* Debug */ = {
			isa = XCBuildConfiguration;
			buildSettings = {
				ASSETCATALOG_COMPILER_APPICON_NAME = AppIcon;
				INFOPLIST_FILE = SOXShapedTapView/Info.plist;
				LD_RUNPATH_SEARCH_PATHS = "$(inherited) @executable_path/Frameworks";
				PRODUCT_NAME = "$(TARGET_NAME)";
				TARGETED_DEVICE_FAMILY = 2;
			};
			name = Debug;
		};
		D2698FF31A2B988900FD8E5D /* Release */ = {
			isa = XCBuildConfiguration;
			buildSettings = {
				ASSETCATALOG_COMPILER_APPICON_NAME = AppIcon;
				INFOPLIST_FILE = SOXShapedTapView/Info.plist;
				LD_RUNPATH_SEARCH_PATHS = "$(inherited) @executable_path/Frameworks";
				PRODUCT_NAME = "$(TARGET_NAME)";
				TARGETED_DEVICE_FAMILY = 2;
			};
			name = Release;
		};
		D2698FF51A2B988900FD8E5D /* Debug */ = {
			isa = XCBuildConfiguration;
			buildSettings = {
				BUNDLE_LOADER = "$(TEST_HOST)";
				FRAMEWORK_SEARCH_PATHS = (
					"$(SDKROOT)/Developer/Library/Frameworks",
					"$(inherited)",
				);
				GCC_PREPROCESSOR_DEFINITIONS = (
					"DEBUG=1",
					"$(inherited)",
				);
				INFOPLIST_FILE = SOXShapedTapViewTests/Info.plist;
				LD_RUNPATH_SEARCH_PATHS = "$(inherited) @executable_path/Frameworks @loader_path/Frameworks";
				PRODUCT_NAME = "$(TARGET_NAME)";
				TEST_HOST = "$(BUILT_PRODUCTS_DIR)/SOXShapedTapView.app/SOXShapedTapView";
			};
			name = Debug;
		};
		D2698FF61A2B988900FD8E5D /* Release */ = {
			isa = XCBuildConfiguration;
			buildSettings = {
				BUNDLE_LOADER = "$(TEST_HOST)";
				FRAMEWORK_SEARCH_PATHS = (
					"$(SDKROOT)/Developer/Library/Frameworks",
					"$(inherited)",
				);
				INFOPLIST_FILE = SOXShapedTapViewTests/Info.plist;
				LD_RUNPATH_SEARCH_PATHS = "$(inherited) @executable_path/Frameworks @loader_path/Frameworks";
				PRODUCT_NAME = "$(TARGET_NAME)";
				TEST_HOST = "$(BUILT_PRODUCTS_DIR)/SOXShapedTapView.app/SOXShapedTapView";
			};
			name = Release;
		};
/* End XCBuildConfiguration section */

/* Begin XCConfigurationList section */
		D2698FCD1A2B988900FD8E5D /* Build configuration list for PBXProject "SOXShapedTapView" */ = {
			isa = XCConfigurationList;
			buildConfigurations = (
				D2698FEF1A2B988900FD8E5D /* Debug */,
				D2698FF01A2B988900FD8E5D /* Release */,
			);
			defaultConfigurationIsVisible = 0;
			defaultConfigurationName = Release;
		};
		D2698FF11A2B988900FD8E5D /* Build configuration list for PBXNativeTarget "SOXShapedTapView" */ = {
			isa = XCConfigurationList;
			buildConfigurations = (
				D2698FF21A2B988900FD8E5D /* Debug */,
				D2698FF31A2B988900FD8E5D /* Release */,
			);
			defaultConfigurationIsVisible = 0;
			defaultConfigurationName = Release;
		};
		D2698FF41A2B988900FD8E5D /* Build configuration list for PBXNativeTarget "SOXShapedTapViewTests" */ = {
			isa = XCConfigurationList;
			buildConfigurations = (
				D2698FF51A2B988900FD8E5D /* Debug */,
				D2698FF61A2B988900FD8E5D /* Release */,
			);
			defaultConfigurationIsVisible = 0;
			defaultConfigurationName = Release;
		};
/* End XCConfigurationList section */
	};
	rootObject = D2698FCA1A2B988900FD8E5D /* Project object */;
}
